PODS:
  - AsyncDisplayKit/ASDealloc2MainObject (1.9.74)
  - AsyncDisplayKit/Core (1.9.74):
    - AsyncDisplayKit/ASDealloc2MainObject
  - SDWebImage/Core (3.7.6)
  - WebASDKImageManager (1.1.0):
    - AsyncDisplayKit/Core (~> 1.9)
    - SDWebImage/Core (~> 3.7)

DEPENDENCIES:
  - WebASDKImageManager (from `.`)

EXTERNAL SOURCES:
  WebASDKImageManager:
    :path: "."

SPEC CHECKSUMS:
  AsyncDisplayKit: cbd10f28030c0b904cef1bd8e7d96d775c5b0484
  SDWebImage: c325cf02c30337336b95beff20a13df489ec0ec9
  WebASDKImageManager: 14535c19bb88ec5752be51b08a73b5c34272fe26

PODFILE CHECKSUM: 3872e414b17fb55ec3d8811711e81b8aa2044d90

COCOAPODS: 1.0.0
