PODS:
  - AsyncDisplayKit (1.1.1):
    - AsyncDisplayKit/ASDealloc2MainObject (= 1.1.1)
  - AsyncDisplayKit/ASDealloc2MainObject (1.1.1)
  - SDWebImage/Core (3.7.2)
  - WebASDKImageManager (1.0.1):
    - AsyncDisplayKit (~> 1.1)
    - SDWebImage/Core (~> 3.7)

DEPENDENCIES:
  - WebASDKImageManager (from `.`)

EXTERNAL SOURCES:
  WebASDKImageManager:
    :path: "."

SPEC CHECKSUMS:
  AsyncDisplayKit: 2c355970d1aabe00608211d9a50e35b7a5dc0ae4
  SDWebImage: 71b7cdc1d1721d6a82ed62889030225f2c249e29
  WebASDKImageManager: 8e37e97c115c8e9092fc6111218a71ddec7a73d5

COCOAPODS: 0.36.3
