PODS:
  - AsyncDisplayKit/Core (2.2)
  - SDWebImage/Core (4.0.0)
  - WebASDKImageManager (3.0.0):
    - AsyncDisplayKit/Core (~> 2.0)
    - SDWebImage/Core (~> 4.0)

DEPENDENCIES:
  - WebASDKImageManager (from `.`)

EXTERNAL SOURCES:
  WebASDKImageManager:
    :path: "."

SPEC CHECKSUMS:
  AsyncDisplayKit: 1585f6cd0531ae9b30476f5912f577b73ebcb0e4
  SDWebImage: 76a6348bdc74eb5a55dd08a091ef298e56b55e41
  WebASDKImageManager: f4d85fde2ce50e97ad697a65d0e41ca5756cb292

PODFILE CHECKSUM: 7b34a654865002f9dd598539b1b1c3d7df04a62e

COCOAPODS: 1.2.0
